// !$*UTF8*$!
{
	archiveVersion = 1;
	classes = {
	};
	objectVersion = 48;
	objects = {

/* Begin PBXBuildFile section */
		E81DE2301FA9ECB1001BB3F4 /* AppDelegate.m in Sources */ = {isa = PBXBuildFile; fileRef = E81DE22F1FA9ECB1001BB3F4 /* AppDelegate.m */; };
		E81DE2331FA9ECB1001BB3F4 /* RootViewController.m in Sources */ = {isa = PBXBuildFile; fileRef = E81DE2321FA9ECB1001BB3F4 /* RootViewController.m */; };
		E81DE2361FA9ECB1001BB3F4 /* DataViewController.m in Sources */ = {isa = PBXBuildFile; fileRef = E81DE2351FA9ECB1001BB3F4 /* DataViewController.m */; };
		E81DE2391FA9ECB1001BB3F4 /* ModelController.m in Sources */ = {isa = PBXBuildFile; fileRef = E81DE2381FA9ECB1001BB3F4 /* ModelController.m */; };
		E81DE23C1FA9ECB1001BB3F4 /* Main.storyboard in Resources */ = {isa = PBXBuildFile; fileRef = E81DE23A1FA9ECB1001BB3F4 /* Main.storyboard */; };
		E81DE23E1FA9ECB1001BB3F4 /* Assets.xcassets in Resources */ = {isa = PBXBuildFile; fileRef = E81DE23D1FA9ECB1001BB3F4 /* Assets.xcassets */; };
		E81DE2411FA9ECB1001BB3F4 /* LaunchScreen.storyboard in Resources */ = {isa = PBXBuildFile; fileRef = E81DE23F1FA9ECB1001BB3F4 /* LaunchScreen.storyboard */; };
		E81DE2441FA9ECB1001BB3F4 /* main.m in Sources */ = {isa = PBXBuildFile; fileRef = E81DE2431FA9ECB1001BB3F4 /* main.m */; };
		E81DE2571FA9F487001BB3F4 /* Cube12.png in Resources */ = {isa = PBXBuildFile; fileRef = E81DE24B1FA9F487001BB3F4 /* Cube12.png */; };
		E81DE2581FA9F487001BB3F4 /* Cube14.png in Resources */ = {isa = PBXBuildFile; fileRef = E81DE24C1FA9F487001BB3F4 /* Cube14.png */; };
		E81DE2591FA9F487001BB3F4 /* Cube7.png in Resources */ = {isa = PBXBuildFile; fileRef = E81DE24D1FA9F487001BB3F4 /* Cube7.png */; };
		E81DE25A1FA9F487001BB3F4 /* Cube5.png in Resources */ = {isa = PBXBuildFile; fileRef = E81DE24E1FA9F487001BB3F4 /* Cube5.png */; };
		E81DE25B1FA9F487001BB3F4 /* Cube13.png in Resources */ = {isa = PBXBuildFile; fileRef = E81DE24F1FA9F487001BB3F4 /* Cube13.png */; };
		E81DE25C1FA9F487001BB3F4 /* Cube6.png in Resources */ = {isa = PBXBuildFile; fileRef = E81DE2501FA9F487001BB3F4 /* Cube6.png */; };
		E81DE25D1FA9F487001BB3F4 /* Cube15.png in Resources */ = {isa = PBXBuildFile; fileRef = E81DE2511FA9F487001BB3F4 /* Cube15.png */; };
		E81DE25E1FA9F487001BB3F4 /* Cube8.png in Resources */ = {isa = PBXBuildFile; fileRef = E81DE2521FA9F487001BB3F4 /* Cube8.png */; };
		E81DE25F1FA9F487001BB3F4 /* Cube10.png in Resources */ = {isa = PBXBuildFile; fileRef = E81DE2531FA9F487001BB3F4 /* Cube10.png */; };
		E81DE2601FA9F487001BB3F4 /* Cube11.png in Resources */ = {isa = PBXBuildFile; fileRef = E81DE2541FA9F487001BB3F4 /* Cube11.png */; };
		E81DE2611FA9F487001BB3F4 /* Cube9.png in Resources */ = {isa = PBXBuildFile; fileRef = E81DE2551FA9F487001BB3F4 /* Cube9.png */; };
		E81DE2621FA9F487001BB3F4 /* Cube16.png in Resources */ = {isa = PBXBuildFile; fileRef = E81DE2561FA9F487001BB3F4 /* Cube16.png */; };
		E81DE2671FAA7CBD001BB3F4 /* CubeMiddleDone.png in Resources */ = {isa = PBXBuildFile; fileRef = E81DE2631FAA7CBC001BB3F4 /* CubeMiddleDone.png */; };
		E81DE2681FAA7CBD001BB3F4 /* CubeTopDone.png in Resources */ = {isa = PBXBuildFile; fileRef = E81DE2641FAA7CBD001BB3F4 /* CubeTopDone.png */; };
		E81DE2691FAA7CBD001BB3F4 /* CubeBottomDone.png in Resources */ = {isa = PBXBuildFile; fileRef = E81DE2651FAA7CBD001BB3F4 /* CubeBottomDone.png */; };
		E81DE26A1FAA7CBD001BB3F4 /* CubeTopMiddleDone.png in Resources */ = {isa = PBXBuildFile; fileRef = E81DE2661FAA7CBD001BB3F4 /* CubeTopMiddleDone.png */; };
		E81DE26C1FAA8D3F001BB3F4 /* ernorubik.jpg in Resources */ = {isa = PBXBuildFile; fileRef = E81DE26B1FAA8D3F001BB3F4 /* ernorubik.jpg */; };
		E824F4E61FAABFE800F84E64 /* logo-60x60@3x.png in Resources */ = {isa = PBXBuildFile; fileRef = E824F4E41FAABFE700F84E64 /* logo-60x60@3x.png */; };
		E824F4E71FAABFE800F84E64 /* logo-60x60@2x.png in Resources */ = {isa = PBXBuildFile; fileRef = E824F4E51FAABFE700F84E64 /* logo-60x60@2x.png */; };
		E824F4E91FAAC27900F84E64 /* logo-1024x1024.png in Resources */ = {isa = PBXBuildFile; fileRef = E824F4E81FAAC27900F84E64 /* logo-1024x1024.png */; };
/* End PBXBuildFile section */

/* Begin PBXFileReference section */
		E81DE22B1FA9ECB1001BB3F4 /* RubiksCubeGuide.app */ = {isa = PBXFileReference; explicitFileType = wrapper.application; includeInIndex = 0; path = RubiksCubeGuide.app; sourceTree = BUILT_PRODUCTS_DIR; };
		E81DE22E1FA9ECB1001BB3F4 /* AppDelegate.h */ = {isa = PBXFileReference; lastKnownFileType = sourcecode.c.h; path = AppDelegate.h; sourceTree = "<group>"; };
		E81DE22F1FA9ECB1001BB3F4 /* AppDelegate.m */ = {isa = PBXFileReference; lastKnownFileType = sourcecode.c.objc; path = AppDelegate.m; sourceTree = "<group>"; };
		E81DE2311FA9ECB1001BB3F4 /* RootViewController.h */ = {isa = PBXFileReference; lastKnownFileType = sourcecode.c.h; path = RootViewController.h; sourceTree = "<group>"; };
		E81DE2321FA9ECB1001BB3F4 /* RootViewController.m */ = {isa = PBXFileReference; lastKnownFileType = sourcecode.c.objc; path = RootViewController.m; sourceTree = "<group>"; };
		E81DE2341FA9ECB1001BB3F4 /* DataViewController.h */ = {isa = PBXFileReference; lastKnownFileType = sourcecode.c.h; path = DataViewController.h; sourceTree = "<group>"; };
		E81DE2351FA9ECB1001BB3F4 /* DataViewController.m */ = {isa = PBXFileReference; lastKnownFileType = sourcecode.c.objc; path = DataViewController.m; sourceTree = "<group>"; };
		E81DE2371FA9ECB1001BB3F4 /* ModelController.h */ = {isa = PBXFileReference; lastKnownFileType = sourcecode.c.h; path = ModelController.h; sourceTree = "<group>"; };
		E81DE2381FA9ECB1001BB3F4 /* ModelController.m */ = {isa = PBXFileReference; lastKnownFileType = sourcecode.c.objc; path = ModelController.m; sourceTree = "<group>"; };
		E81DE23B1FA9ECB1001BB3F4 /* Base */ = {isa = PBXFileReference; lastKnownFileType = file.storyboard; name = Base; path = Base.lproj/Main.storyboard; sourceTree = "<group>"; };
		E81DE23D1FA9ECB1001BB3F4 /* Assets.xcassets */ = {isa = PBXFileReference; lastKnownFileType = folder.assetcatalog; path = Assets.xcassets; sourceTree = "<group>"; };
		E81DE2401FA9ECB1001BB3F4 /* Base */ = {isa = PBXFileReference; lastKnownFileType = file.storyboard; name = Base; path = Base.lproj/LaunchScreen.storyboard; sourceTree = "<group>"; };
		E81DE2421FA9ECB1001BB3F4 /* Info.plist */ = {isa = PBXFileReference; lastKnownFileType = text.plist.xml; path = Info.plist; sourceTree = "<group>"; };
		E81DE2431FA9ECB1001BB3F4 /* main.m */ = {isa = PBXFileReference; lastKnownFileType = sourcecode.c.objc; path = main.m; sourceTree = "<group>"; };
		E81DE24B1FA9F487001BB3F4 /* Cube12.png */ = {isa = PBXFileReference; lastKnownFileType = image.png; path = Cube12.png; sourceTree = SOURCE_ROOT; };
		E81DE24C1FA9F487001BB3F4 /* Cube14.png */ = {isa = PBXFileReference; lastKnownFileType = image.png; path = Cube14.png; sourceTree = SOURCE_ROOT; };
		E81DE24D1FA9F487001BB3F4 /* Cube7.png */ = {isa = PBXFileReference; lastKnownFileType = image.png; path = Cube7.png; sourceTree = SOURCE_ROOT; };
		E81DE24E1FA9F487001BB3F4 /* Cube5.png */ = {isa = PBXFileReference; lastKnownFileType = image.png; path = Cube5.png; sourceTree = SOURCE_ROOT; };
		E81DE24F1FA9F487001BB3F4 /* Cube13.png */ = {isa = PBXFileReference; lastKnownFileType = image.png; path = Cube13.png; sourceTree = SOURCE_ROOT; };
		E81DE2501FA9F487001BB3F4 /* Cube6.png */ = {isa = PBXFileReference; lastKnownFileType = image.png; path = Cube6.png; sourceTree = SOURCE_ROOT; };
		E81DE2511FA9F487001BB3F4 /* Cube15.png */ = {isa = PBXFileReference; lastKnownFileType = image.png; path = Cube15.png; sourceTree = SOURCE_ROOT; };
		E81DE2521FA9F487001BB3F4 /* Cube8.png */ = {isa = PBXFileReference; lastKnownFileType = image.png; path = Cube8.png; sourceTree = SOURCE_ROOT; };
		E81DE2531FA9F487001BB3F4 /* Cube10.png */ = {isa = PBXFileReference; lastKnownFileType = image.png; path = Cube10.png; sourceTree = SOURCE_ROOT; };
		E81DE2541FA9F487001BB3F4 /* Cube11.png */ = {isa = PBXFileReference; lastKnownFileType = image.png; path = Cube11.png; sourceTree = SOURCE_ROOT; };
		E81DE2551FA9F487001BB3F4 /* Cube9.png */ = {isa = PBXFileReference; lastKnownFileType = image.png; path = Cube9.png; sourceTree = SOURCE_ROOT; };
		E81DE2561FA9F487001BB3F4 /* Cube16.png */ = {isa = PBXFileReference; lastKnownFileType = image.png; path = Cube16.png; sourceTree = SOURCE_ROOT; };
		E81DE2631FAA7CBC001BB3F4 /* CubeMiddleDone.png */ = {isa = PBXFileReference; lastKnownFileType = image.png; path = CubeMiddleDone.png; sourceTree = SOURCE_ROOT; };
		E81DE2641FAA7CBD001BB3F4 /* CubeTopDone.png */ = {isa = PBXFileReference; lastKnownFileType = image.png; path = CubeTopDone.png; sourceTree = SOURCE_ROOT; };
		E81DE2651FAA7CBD001BB3F4 /* CubeBottomDone.png */ = {isa = PBXFileReference; lastKnownFileType = image.png; path = CubeBottomDone.png; sourceTree = SOURCE_ROOT; };
		E81DE2661FAA7CBD001BB3F4 /* CubeTopMiddleDone.png */ = {isa = PBXFileReference; lastKnownFileType = image.png; path = CubeTopMiddleDone.png; sourceTree = SOURCE_ROOT; };
		E81DE26B1FAA8D3F001BB3F4 /* ernorubik.jpg */ = {isa = PBXFileReference; lastKnownFileType = image.jpeg; path = ernorubik.jpg; sourceTree = SOURCE_ROOT; };
		E824F4E41FAABFE700F84E64 /* logo-60x60@3x.png */ = {isa = PBXFileReference; lastKnownFileType = image.png; path = "logo-60x60@3x.png"; sourceTree = SOURCE_ROOT; };
		E824F4E51FAABFE700F84E64 /* logo-60x60@2x.png */ = {isa = PBXFileReference; lastKnownFileType = image.png; path = "logo-60x60@2x.png"; sourceTree = SOURCE_ROOT; };
		E824F4E81FAAC27900F84E64 /* logo-1024x1024.png */ = {isa = PBXFileReference; lastKnownFileType = image.png; path = "logo-1024x1024.png"; sourceTree = SOURCE_ROOT; };
/* End PBXFileReference section */

/* Begin PBXFrameworksBuildPhase section */
		E81DE2281FA9ECB1001BB3F4 /* Frameworks */ = {
			isa = PBXFrameworksBuildPhase;
			buildActionMask = 2147483647;
			files = (
			);
			runOnlyForDeploymentPostprocessing = 0;
		};
/* End PBXFrameworksBuildPhase section */

/* Begin PBXGroup section */
		E81DE2221FA9ECB1001BB3F4 = {
			isa = PBXGroup;
			children = (
				E81DE22D1FA9ECB1001BB3F4 /* RubiksCubeGuide */,
				E81DE22C1FA9ECB1001BB3F4 /* Products */,
			);
			sourceTree = "<group>";
		};
		E81DE22C1FA9ECB1001BB3F4 /* Products */ = {
			isa = PBXGroup;
			children = (
				E81DE22B1FA9ECB1001BB3F4 /* RubiksCubeGuide.app */,
			);
			name = Products;
			sourceTree = "<group>";
		};
		E81DE22D1FA9ECB1001BB3F4 /* RubiksCubeGuide */ = {
			isa = PBXGroup;
			children = (
				E81DE22E1FA9ECB1001BB3F4 /* AppDelegate.h */,
				E81DE22F1FA9ECB1001BB3F4 /* AppDelegate.m */,
				E81DE2311FA9ECB1001BB3F4 /* RootViewController.h */,
				E81DE2321FA9ECB1001BB3F4 /* RootViewController.m */,
				E81DE2341FA9ECB1001BB3F4 /* DataViewController.h */,
				E81DE2351FA9ECB1001BB3F4 /* DataViewController.m */,
				E81DE2371FA9ECB1001BB3F4 /* ModelController.h */,
				E81DE2381FA9ECB1001BB3F4 /* ModelController.m */,
				E81DE23A1FA9ECB1001BB3F4 /* Main.storyboard */,
				E81DE23D1FA9ECB1001BB3F4 /* Assets.xcassets */,
				E81DE23F1FA9ECB1001BB3F4 /* LaunchScreen.storyboard */,
				E81DE2421FA9ECB1001BB3F4 /* Info.plist */,
				E81DE2431FA9ECB1001BB3F4 /* main.m */,
				E81DE24A1FA9F470001BB3F4 /* Images */,
			);
			path = RubiksCubeGuide;
			sourceTree = "<group>";
		};
		E81DE24A1FA9F470001BB3F4 /* Images */ = {
			isa = PBXGroup;
			children = (
				E824F4E51FAABFE700F84E64 /* logo-60x60@2x.png */,
				E824F4E41FAABFE700F84E64 /* logo-60x60@3x.png */,
				E824F4E81FAAC27900F84E64 /* logo-1024x1024.png */,
				E81DE26B1FAA8D3F001BB3F4 /* ernorubik.jpg */,
				E81DE24E1FA9F487001BB3F4 /* Cube5.png */,
				E81DE2501FA9F487001BB3F4 /* Cube6.png */,
				E81DE24D1FA9F487001BB3F4 /* Cube7.png */,
				E81DE2521FA9F487001BB3F4 /* Cube8.png */,
				E81DE2551FA9F487001BB3F4 /* Cube9.png */,
				E81DE2531FA9F487001BB3F4 /* Cube10.png */,
				E81DE2541FA9F487001BB3F4 /* Cube11.png */,
				E81DE24B1FA9F487001BB3F4 /* Cube12.png */,
				E81DE24F1FA9F487001BB3F4 /* Cube13.png */,
				E81DE24C1FA9F487001BB3F4 /* Cube14.png */,
				E81DE2511FA9F487001BB3F4 /* Cube15.png */,
				E81DE2561FA9F487001BB3F4 /* Cube16.png */,
				E81DE2651FAA7CBD001BB3F4 /* CubeBottomDone.png */,
				E81DE2631FAA7CBC001BB3F4 /* CubeMiddleDone.png */,
				E81DE2641FAA7CBD001BB3F4 /* CubeTopDone.png */,
				E81DE2661FAA7CBD001BB3F4 /* CubeTopMiddleDone.png */,
			);
			path = Images;
			sourceTree = "<group>";
		};
/* End PBXGroup section */

/* Begin PBXNativeTarget section */
		E81DE22A1FA9ECB1001BB3F4 /* RubiksCubeGuide */ = {
			isa = PBXNativeTarget;
			buildConfigurationList = E81DE2471FA9ECB1001BB3F4 /* Build configuration list for PBXNativeTarget "RubiksCubeGuide" */;
			buildPhases = (
				E81DE2271FA9ECB1001BB3F4 /* Sources */,
				E81DE2281FA9ECB1001BB3F4 /* Frameworks */,
				E81DE2291FA9ECB1001BB3F4 /* Resources */,
			);
			buildRules = (
			);
			dependencies = (
			);
			name = RubiksCubeGuide;
			productName = RubiksCubeGuide;
			productReference = E81DE22B1FA9ECB1001BB3F4 /* RubiksCubeGuide.app */;
			productType = "com.apple.product-type.application";
		};
/* End PBXNativeTarget section */

/* Begin PBXProject section */
		E81DE2231FA9ECB1001BB3F4 /* Project object */ = {
			isa = PBXProject;
			attributes = {
				LastUpgradeCheck = 0900;
				ORGANIZATIONNAME = "Edwin Groothuis";
				TargetAttributes = {
					E81DE22A1FA9ECB1001BB3F4 = {
						CreatedOnToolsVersion = 9.0.1;
						ProvisioningStyle = Automatic;
					};
				};
			};
			buildConfigurationList = E81DE2261FA9ECB1001BB3F4 /* Build configuration list for PBXProject "RubiksCubeGuide" */;
			compatibilityVersion = "Xcode 8.0";
			developmentRegion = en;
			hasScannedForEncodings = 0;
			knownRegions = (
				en,
				Base,
			);
			mainGroup = E81DE2221FA9ECB1001BB3F4;
			productRefGroup = E81DE22C1FA9ECB1001BB3F4 /* Products */;
			projectDirPath = "";
			projectRoot = "";
			targets = (
				E81DE22A1FA9ECB1001BB3F4 /* RubiksCubeGuide */,
			);
		};
/* End PBXProject section */

/* Begin PBXResourcesBuildPhase section */
		E81DE2291FA9ECB1001BB3F4 /* Resources */ = {
			isa = PBXResourcesBuildPhase;
			buildActionMask = 2147483647;
			files = (
				E81DE25B1FA9F487001BB3F4 /* Cube13.png in Resources */,
				E81DE2621FA9F487001BB3F4 /* Cube16.png in Resources */,
				E81DE25F1FA9F487001BB3F4 /* Cube10.png in Resources */,
				E81DE2681FAA7CBD001BB3F4 /* CubeTopDone.png in Resources */,
				E81DE2411FA9ECB1001BB3F4 /* LaunchScreen.storyboard in Resources */,
				E81DE25E1FA9F487001BB3F4 /* Cube8.png in Resources */,
				E81DE2581FA9F487001BB3F4 /* Cube14.png in Resources */,
				E81DE23E1FA9ECB1001BB3F4 /* Assets.xcassets in Resources */,
				E81DE25A1FA9F487001BB3F4 /* Cube5.png in Resources */,
				E81DE23C1FA9ECB1001BB3F4 /* Main.storyboard in Resources */,
				E824F4E71FAABFE800F84E64 /* logo-60x60@2x.png in Resources */,
				E81DE2671FAA7CBD001BB3F4 /* CubeMiddleDone.png in Resources */,
				E81DE25D1FA9F487001BB3F4 /* Cube15.png in Resources */,
				E81DE2591FA9F487001BB3F4 /* Cube7.png in Resources */,
				E81DE25C1FA9F487001BB3F4 /* Cube6.png in Resources */,
				E824F4E61FAABFE800F84E64 /* logo-60x60@3x.png in Resources */,
				E81DE2571FA9F487001BB3F4 /* Cube12.png in Resources */,
				E81DE2691FAA7CBD001BB3F4 /* CubeBottomDone.png in Resources */,
				E81DE2611FA9F487001BB3F4 /* Cube9.png in Resources */,
				E81DE26C1FAA8D3F001BB3F4 /* ernorubik.jpg in Resources */,
				E81DE26A1FAA7CBD001BB3F4 /* CubeTopMiddleDone.png in Resources */,
				E81DE2601FA9F487001BB3F4 /* Cube11.png in Resources */,
				E824F4E91FAAC27900F84E64 /* logo-1024x1024.png in Resources */,
			);
			runOnlyForDeploymentPostprocessing = 0;
		};
/* End PBXResourcesBuildPhase section */

/* Begin PBXSourcesBuildPhase section */
		E81DE2271FA9ECB1001BB3F4 /* Sources */ = {
			isa = PBXSourcesBuildPhase;
			buildActionMask = 2147483647;
			files = (
				E81DE2441FA9ECB1001BB3F4 /* main.m in Sources */,
				E81DE2331FA9ECB1001BB3F4 /* RootViewController.m in Sources */,
				E81DE2391FA9ECB1001BB3F4 /* ModelController.m in Sources */,
				E81DE2361FA9ECB1001BB3F4 /* DataViewController.m in Sources */,
				E81DE2301FA9ECB1001BB3F4 /* AppDelegate.m in Sources */,
			);
			runOnlyForDeploymentPostprocessing = 0;
		};
/* End PBXSourcesBuildPhase section */

/* Begin PBXVariantGroup section */
		E81DE23A1FA9ECB1001BB3F4 /* Main.storyboard */ = {
			isa = PBXVariantGroup;
			children = (
				E81DE23B1FA9ECB1001BB3F4 /* Base */,
			);
			name = Main.storyboard;
			sourceTree = "<group>";
		};
		E81DE23F1FA9ECB1001BB3F4 /* LaunchScreen.storyboard */ = {
			isa = PBXVariantGroup;
			children = (
				E81DE2401FA9ECB1001BB3F4 /* Base */,
			);
			name = LaunchScreen.storyboard;
			sourceTree = "<group>";
		};
/* End PBXVariantGroup section */

/* Begin XCBuildConfiguration section */
		E81DE2451FA9ECB1001BB3F4 /* Debug */ = {
			isa = XCBuildConfiguration;
			buildSettings = {
				ALWAYS_SEARCH_USER_PATHS = NO;
				CLANG_ANALYZER_NONNULL = YES;
				CLANG_ANALYZER_NUMBER_OBJECT_CONVERSION = YES_AGGRESSIVE;
				CLANG_CXX_LANGUAGE_STANDARD = "gnu++14";
				CLANG_CXX_LIBRARY = "libc++";
				CLANG_ENABLE_MODULES = YES;
				CLANG_ENABLE_OBJC_ARC = YES;
				CLANG_WARN_BLOCK_CAPTURE_AUTORELEASING = YES;
				CLANG_WARN_BOOL_CONVERSION = YES;
				CLANG_WARN_COMMA = YES;
				CLANG_WARN_CONSTANT_CONVERSION = YES;
				CLANG_WARN_DIRECT_OBJC_ISA_USAGE = YES_ERROR;
				CLANG_WARN_DOCUMENTATION_COMMENTS = YES;
				CLANG_WARN_EMPTY_BODY = YES;
				CLANG_WARN_ENUM_CONVERSION = YES;
				CLANG_WARN_INFINITE_RECURSION = YES;
				CLANG_WARN_INT_CONVERSION = YES;
				CLANG_WARN_NON_LITERAL_NULL_CONVERSION = YES;
				CLANG_WARN_OBJC_LITERAL_CONVERSION = YES;
				CLANG_WARN_OBJC_ROOT_CLASS = YES_ERROR;
				CLANG_WARN_RANGE_LOOP_ANALYSIS = YES;
				CLANG_WARN_STRICT_PROTOTYPES = YES;
				CLANG_WARN_SUSPICIOUS_MOVE = YES;
				CLANG_WARN_UNGUARDED_AVAILABILITY = YES_AGGRESSIVE;
				CLANG_WARN_UNREACHABLE_CODE = YES;
				CLANG_WARN__DUPLICATE_METHOD_MATCH = YES;
				CODE_SIGN_IDENTITY = "iPhone Developer";
				COPY_PHASE_STRIP = NO;
				DEBUG_INFORMATION_FORMAT = dwarf;
				ENABLE_STRICT_OBJC_MSGSEND = YES;
				ENABLE_TESTABILITY = YES;
				GCC_C_LANGUAGE_STANDARD = gnu11;
				GCC_DYNAMIC_NO_PIC = NO;
				GCC_NO_COMMON_BLOCKS = YES;
				GCC_OPTIMIZATION_LEVEL = 0;
				GCC_PREPROCESSOR_DEFINITIONS = (
					"DEBUG=1",
					"$(inherited)",
				);
				GCC_WARN_64_TO_32_BIT_CONVERSION = YES;
				GCC_WARN_ABOUT_RETURN_TYPE = YES_ERROR;
				GCC_WARN_UNDECLARED_SELECTOR = YES;
				GCC_WARN_UNINITIALIZED_AUTOS = YES_AGGRESSIVE;
				GCC_WARN_UNUSED_FUNCTION = YES;
				GCC_WARN_UNUSED_VARIABLE = YES;
				IPHONEOS_DEPLOYMENT_TARGET = 11.0;
				MTL_ENABLE_DEBUG_INFO = YES;
				ONLY_ACTIVE_ARCH = YES;
				SDKROOT = iphoneos;
			};
			name = Debug;
		};
		E81DE2461FA9ECB1001BB3F4 /* Release */ = {
			isa = XCBuildConfiguration;
			buildSettings = {
				ALWAYS_SEARCH_USER_PATHS = NO;
				CLANG_ANALYZER_NONNULL = YES;
				CLANG_ANALYZER_NUMBER_OBJECT_CONVERSION = YES_AGGRESSIVE;
				CLANG_CXX_LANGUAGE_STANDARD = "gnu++14";
				CLANG_CXX_LIBRARY = "libc++";
				CLANG_ENABLE_MODULES = YES;
				CLANG_ENABLE_OBJC_ARC = YES;
				CLANG_WARN_BLOCK_CAPTURE_AUTORELEASING = YES;
				CLANG_WARN_BOOL_CONVERSION = YES;
				CLANG_WARN_COMMA = YES;
				CLANG_WARN_CONSTANT_CONVERSION = YES;
				CLANG_WARN_DIRECT_OBJC_ISA_USAGE = YES_ERROR;
				CLANG_WARN_DOCUMENTATION_COMMENTS = YES;
				CLANG_WARN_EMPTY_BODY = YES;
				CLANG_WARN_ENUM_CONVERSION = YES;
				CLANG_WARN_INFINITE_RECURSION = YES;
				CLANG_WARN_INT_CONVERSION = YES;
				CLANG_WARN_NON_LITERAL_NULL_CONVERSION = YES;
				CLANG_WARN_OBJC_LITERAL_CONVERSION = YES;
				CLANG_WARN_OBJC_ROOT_CLASS = YES_ERROR;
				CLANG_WARN_RANGE_LOOP_ANALYSIS = YES;
				CLANG_WARN_STRICT_PROTOTYPES = YES;
				CLANG_WARN_SUSPICIOUS_MOVE = YES;
				CLANG_WARN_UNGUARDED_AVAILABILITY = YES_AGGRESSIVE;
				CLANG_WARN_UNREACHABLE_CODE = YES;
				CLANG_WARN__DUPLICATE_METHOD_MATCH = YES;
				CODE_SIGN_IDENTITY = "iPhone Developer";
				COPY_PHASE_STRIP = NO;
				DEBUG_INFORMATION_FORMAT = "dwarf-with-dsym";
				ENABLE_NS_ASSERTIONS = NO;
				ENABLE_STRICT_OBJC_MSGSEND = YES;
				GCC_C_LANGUAGE_STANDARD = gnu11;
				GCC_NO_COMMON_BLOCKS = YES;
				GCC_WARN_64_TO_32_BIT_CONVERSION = YES;
				GCC_WARN_ABOUT_RETURN_TYPE = YES_ERROR;
				GCC_WARN_UNDECLARED_SELECTOR = YES;
				GCC_WARN_UNINITIALIZED_AUTOS = YES_AGGRESSIVE;
				GCC_WARN_UNUSED_FUNCTION = YES;
				GCC_WARN_UNUSED_VARIABLE = YES;
				IPHONEOS_DEPLOYMENT_TARGET = 11.0;
				MTL_ENABLE_DEBUG_INFO = NO;
				SDKROOT = iphoneos;
				VALIDATE_PRODUCT = YES;
			};
			name = Release;
		};
		E81DE2481FA9ECB1001BB3F4 /* Debug */ = {
			isa = XCBuildConfiguration;
			buildSettings = {
				ASSETCATALOG_COMPILER_APPICON_NAME = AppIcon;
				CODE_SIGN_STYLE = Automatic;
				DEVELOPMENT_TEAM = NRQ2A5FE8M;
				INFOPLIST_FILE = RubiksCubeGuide/Info.plist;
				IPHONEOS_DEPLOYMENT_TARGET = 10.0;
				LD_RUNPATH_SEARCH_PATHS = "$(inherited) @executable_path/Frameworks";
				PRODUCT_BUNDLE_IDENTIFIER = org.mavetju.RubiksCubeGuide;
				PRODUCT_NAME = "$(TARGET_NAME)";
				TARGETED_DEVICE_FAMILY = 1;
			};
			name = Debug;
		};
		E81DE2491FA9ECB1001BB3F4 /* Release */ = {
			isa = XCBuildConfiguration;
			buildSettings = {
				ASSETCATALOG_COMPILER_APPICON_NAME = AppIcon;
				CODE_SIGN_STYLE = Automatic;
				DEVELOPMENT_TEAM = NRQ2A5FE8M;
				INFOPLIST_FILE = RubiksCubeGuide/Info.plist;
				IPHONEOS_DEPLOYMENT_TARGET = 10.0;
				LD_RUNPATH_SEARCH_PATHS = "$(inherited) @executable_path/Frameworks";
				PRODUCT_BUNDLE_IDENTIFIER = org.mavetju.RubiksCubeGuide;
				PRODUCT_NAME = "$(TARGET_NAME)";
				TARGETED_DEVICE_FAMILY = 1;
			};
			name = Release;
		};
/* End XCBuildConfiguration section */

/* Begin XCConfigurationList section */
		E81DE2261FA9ECB1001BB3F4 /* Build configuration list for PBXProject "RubiksCubeGuide" */ = {
			isa = XCConfigurationList;
			buildConfigurations = (
				E81DE2451FA9ECB1001BB3F4 /* Debug */,
				E81DE2461FA9ECB1001BB3F4 /* Release */,
			);
			defaultConfigurationIsVisible = 0;
			defaultConfigurationName = Release;
		};
		E81DE2471FA9ECB1001BB3F4 /* Build configuration list for PBXNativeTarget "RubiksCubeGuide" */ = {
			isa = XCConfigurationList;
			buildConfigurations = (
				E81DE2481FA9ECB1001BB3F4 /* Debug */,
				E81DE2491FA9ECB1001BB3F4 /* Release */,
			);
			defaultConfigurationIsVisible = 0;
			defaultConfigurationName = Release;
		};
/* End XCConfigurationList section */
	};
	rootObject = E81DE2231FA9ECB1001BB3F4 /* Project object */;
}
